
Microsoft Visual Studio Solution File, Format Version 12.00
# Visual Studio Version 16
VisualStudioVersion = 16.0.30413.136
MinimumVisualStudioVersion = 10.0.40219.1
Project("{FAE04EC0-301F-11D3-BF4B-00C04F79EFBC}") = "CommandDispatcher", "CommandDispatcher\CommandDispatcher.csproj", "{AAF365CC-437A-4C45-B513-D2E35F083176}"
EndProject
Project("{FAE04EC0-301F-11D3-BF4B-00C04F79EFBC}") = "Domain", "Domain\Domain.csproj", "{C183B29A-CC97-49D5-8C84-C7BD180F68B1}"
EndProject
Project("{FAE04EC0-301F-11D3-BF4B-00C04F79EFBC}") = "MyBus.App", "MyBus.App\MyBus.App.csproj", "{8E478FFE-E768-4FDF-9B0B-D69F3F9E115D}"
EndProject
Global
	GlobalSection(SolutionConfigurationPlatforms) = preSolution
		Debug|Any CPU = Debug|Any CPU
		Release|Any CPU = Release|Any CPU
	EndGlobalSection
	GlobalSection(ProjectConfigurationPlatforms) = postSolution
		{AAF365CC-437A-4C45-B513-D2E35F083176}.Debug|Any CPU.ActiveCfg = Debug|Any CPU
		{AAF365CC-437A-4C45-B513-D2E35F083176}.Debug|Any CPU.Build.0 = Debug|Any CPU
		{AAF365CC-437A-4C45-B513-D2E35F083176}.Release|Any CPU.ActiveCfg = Release|Any CPU
		{AAF365CC-437A-4C45-B513-D2E35F083176}.Release|Any CPU.Build.0 = Release|Any CPU
		{C183B29A-CC97-49D5-8C84-C7BD180F68B1}.Debug|Any CPU.ActiveCfg = Debug|Any CPU
		{C183B29A-CC97-49D5-8C84-C7BD180F68B1}.Debug|Any CPU.Build.0 = Debug|Any CPU
		{C183B29A-CC97-49D5-8C84-C7BD180F68B1}.Release|Any CPU.ActiveCfg = Release|Any CPU
		{C183B29A-CC97-49D5-8C84-C7BD180F68B1}.Release|Any CPU.Build.0 = Release|Any CPU
		{8E478FFE-E768-4FDF-9B0B-D69F3F9E115D}.Debug|Any CPU.ActiveCfg = Debug|Any CPU
		{8E478FFE-E768-4FDF-9B0B-D69F3F9E115D}.Debug|Any CPU.Build.0 = Debug|Any CPU
		{8E478FFE-E768-4FDF-9B0B-D69F3F9E115D}.Release|Any CPU.ActiveCfg = Release|Any CPU
		{8E478FFE-E768-4FDF-9B0B-D69F3F9E115D}.Release|Any CPU.Build.0 = Release|Any CPU
	EndGlobalSection
	GlobalSection(SolutionProperties) = preSolution
		HideSolutionNode = FALSE
	EndGlobalSection
	GlobalSection(ExtensibilityGlobals) = postSolution
		SolutionGuid = {B5FE30BD-66DE-4CA4-BA80-3E466E244A33}
	EndGlobalSection
EndGlobal
